
Microsoft Visual Studio Solution File, Format Version 12.00
# Visual Studio Version 17
VisualStudioVersion = 17.1.32328.378
MinimumVisualStudioVersion = 10.0.40219.1
Project("{2150E333-8FDC-42A3-9474-1A3956D46DE8}") = "Solution Items", "Solution Items", "{12DFBAE9-AEB4-46A7-92F1-CF6F7BBB2EB0}"
	ProjectSection(SolutionItems) = preProject
		nuget.config = nuget.config
		Readme.md = Readme.md
	EndProjectSection
EndProject
Project("{2150E333-8FDC-42A3-9474-1A3956D46DE8}") = "src", "src", "{4755B6A7-FB9E-4C44-B20B-03309E04A47B}"
EndProject
Project("{2150E333-8FDC-42A3-9474-1A3956D46DE8}") = "tests", "tests", "{9444105D-2799-499A-8304-76B2BDF43ADB}"
EndProject
Project("{2150E333-8FDC-42A3-9474-1A3956D46DE8}") = "ServiceTests", "ServiceTests", "{24D9B079-2DCD-4D19-9B37-CAF3177C2300}"
EndProject
Project("{9A19103F-16F7-4668-BE54-9A1E7A4F7556}") = "Application.FunctionalTests", "Tests\Services\Application.FunctionalTests\Application.FunctionalTests.csproj", "{0558ACF8-3093-4D5E-9AB2-C18EF63880D1}"
EndProject
Project("{2150E333-8FDC-42A3-9474-1A3956D46DE8}") = "ApiGateways", "ApiGateways", "{5796FC97-7F1C-4B0B-A0D8-D71F8625171E}"
EndProject
Project("{2150E333-8FDC-42A3-9474-1A3956D46DE8}") = "Services", "Services", "{60C78D6E-0C23-4869-A4E5-4D5A20413804}"
EndProject
Project("{2150E333-8FDC-42A3-9474-1A3956D46DE8}") = "UI", "UI", "{2AB64390-9197-47A5-B51D-EC9ECD87946F}"
EndProject
Project("{2150E333-8FDC-42A3-9474-1A3956D46DE8}") = "Catalog", "Catalog", "{38F17954-CEC6-4EEF-977D-A2E96C0E15B2}"
EndProject
Project("{2150E333-8FDC-42A3-9474-1A3956D46DE8}") = "Ordering", "Ordering", "{642918E7-9407-44FE-B458-47FB8BCDFC6C}"
EndProject
Project("{2150E333-8FDC-42A3-9474-1A3956D46DE8}") = "tests", "tests", "{CAC09FD7-6C6E-4342-9079-3FF202F054B0}"
EndProject
Project("{2150E333-8FDC-42A3-9474-1A3956D46DE8}") = "tests", "tests", "{09E5F8F3-C91F-4401-BA94-B77E57C748DC}"
EndProject
Project("{9A19103F-16F7-4668-BE54-9A1E7A4F7556}") = "Catalog.FunctionalTests", "Services\Catalog\Catalog.FunctionalTests\Catalog.FunctionalTests.csproj", "{9B6AFDED-DC57-4C20-8568-9817EF45CEAE}"
EndProject
Project("{9A19103F-16F7-4668-BE54-9A1E7A4F7556}") = "Catalog.UnitTests", "Services\Catalog\Catalog.UnitTests\Catalog.UnitTests.csproj", "{9A4A2E3C-352C-4E04-9B67-7C3A19FEA433}"
EndProject
Project("{9A19103F-16F7-4668-BE54-9A1E7A4F7556}") = "Ordering.UnitTests", "Services\Ordering\Ordering.UnitTests\Ordering.UnitTests.csproj", "{EAD0E7F9-40A6-44C0-9C4F-93505FB46A03}"
EndProject
Project("{9A19103F-16F7-4668-BE54-9A1E7A4F7556}") = "Ordering.FunctionalTests", "Services\Ordering\Ordering.FunctionalTests\Ordering.FunctionalTests.csproj", "{19B32ECD-5625-4226-BCB4-3F8CEA3AF595}"
EndProject
Project("{9A19103F-16F7-4668-BE54-9A1E7A4F7556}") = "Catalog.App", "Services\Catalog\Catalog.App\Catalog.App.csproj", "{0778A801-CB6C-4D4A-8524-3B09C8C6E523}"
EndProject
Project("{9A19103F-16F7-4668-BE54-9A1E7A4F7556}") = "Catalog.Domain", "Services\Catalog\Catalog.Domain\Catalog.Domain.csproj", "{CE871764-E256-4BED-928D-30046C17D315}"
EndProject
Project("{9A19103F-16F7-4668-BE54-9A1E7A4F7556}") = "Catalog.Infrastructure", "Services\Catalog\Catalog.Infrastructure\Catalog.Infrastructure.csproj", "{BA6F238F-A696-45D3-B501-6811861EA9DD}"
EndProject
Project("{9A19103F-16F7-4668-BE54-9A1E7A4F7556}") = "Ordering.Domain", "Services\Ordering\Ordering.Domain\Ordering.Domain.csproj", "{E6E394FA-1C4A-4449-BA9A-4C58368E1D2F}"
EndProject
Project("{9A19103F-16F7-4668-BE54-9A1E7A4F7556}") = "Ordering.Infrastructure", "Services\Ordering\Ordering.Infrastructure\Ordering.Infrastructure.csproj", "{35674907-888E-45C5-B6AB-C02960E23E87}"
EndProject
Project("{9A19103F-16F7-4668-BE54-9A1E7A4F7556}") = "Ordering.App", "Services\Ordering\Ordering.App\Ordering.App.csproj", "{6AF4A12D-38E3-497E-8D10-5B1549A1F03D}"
EndProject
Project("{2150E333-8FDC-42A3-9474-1A3956D46DE8}") = "Balance", "Balance", "{BA8D7ACC-BCF6-4F19-8D73-1D1726ADA379}"
EndProject
Project("{2150E333-8FDC-42A3-9474-1A3956D46DE8}") = "tests", "tests", "{50CADA50-7BDB-4901-8901-DF0A70EE12B3}"
EndProject
Project("{E53339B2-1760-4266-BCC7-CA923CBCF16C}") = "docker-compose", "docker-compose.dcproj", "{000C610A-9FF2-4618-AC37-353875851CEA}"
EndProject
Project("{9A19103F-16F7-4668-BE54-9A1E7A4F7556}") = "Balance.FunctionalTests", "Services\Balance\Balance.FunctionalTests\Balance.FunctionalTests.csproj", "{9C93B2E3-E00E-4C1E-8970-74F6E1F0E0CD}"
EndProject
Project("{9A19103F-16F7-4668-BE54-9A1E7A4F7556}") = "Balance.UnitTests", "Services\Balance\Balance.UnitTests\Balance.UnitTests.csproj", "{701A91AC-96E2-49C7-9077-133F429F52AB}"
EndProject
Project("{9A19103F-16F7-4668-BE54-9A1E7A4F7556}") = "Balance.App", "Services\Balance\Balance.App\Balance.App.csproj", "{5B3DBA38-D192-4773-8156-E1A6D5D56429}"
EndProject
Project("{9A19103F-16F7-4668-BE54-9A1E7A4F7556}") = "Balance.Infrastructure", "Services\Balance\Balance.Infrastructure\Balance.Infrastructure.csproj", "{D19DF11F-83C0-41CE-BB49-0A7CEB00D103}"
EndProject
Project("{9A19103F-16F7-4668-BE54-9A1E7A4F7556}") = "Balance.Domain", "Services\Balance\Balance.Domain\Balance.Domain.csproj", "{6ACFC82A-AEF6-45B2-946C-C60DDFFB8A84}"
EndProject
Project("{9A19103F-16F7-4668-BE54-9A1E7A4F7556}") = "WebMVC", "UI\WebMVC\WebMVC.csproj", "{3FF89E96-D28C-4CC8-9FC9-81B67C8F0890}"
EndProject
Global
	GlobalSection(SolutionConfigurationPlatforms) = preSolution
		Debug|Any CPU = Debug|Any CPU
		Release|Any CPU = Release|Any CPU
	EndGlobalSection
	GlobalSection(ProjectConfigurationPlatforms) = postSolution
		{0558ACF8-3093-4D5E-9AB2-C18EF63880D1}.Debug|Any CPU.ActiveCfg = Debug|Any CPU
		{0558ACF8-3093-4D5E-9AB2-C18EF63880D1}.Debug|Any CPU.Build.0 = Debug|Any CPU
		{0558ACF8-3093-4D5E-9AB2-C18EF63880D1}.Release|Any CPU.ActiveCfg = Release|Any CPU
		{0558ACF8-3093-4D5E-9AB2-C18EF63880D1}.Release|Any CPU.Build.0 = Release|Any CPU
		{9B6AFDED-DC57-4C20-8568-9817EF45CEAE}.Debug|Any CPU.ActiveCfg = Debug|Any CPU
		{9B6AFDED-DC57-4C20-8568-9817EF45CEAE}.Debug|Any CPU.Build.0 = Debug|Any CPU
		{9B6AFDED-DC57-4C20-8568-9817EF45CEAE}.Release|Any CPU.ActiveCfg = Release|Any CPU
		{9B6AFDED-DC57-4C20-8568-9817EF45CEAE}.Release|Any CPU.Build.0 = Release|Any CPU
		{9A4A2E3C-352C-4E04-9B67-7C3A19FEA433}.Debug|Any CPU.ActiveCfg = Debug|Any CPU
		{9A4A2E3C-352C-4E04-9B67-7C3A19FEA433}.Debug|Any CPU.Build.0 = Debug|Any CPU
		{9A4A2E3C-352C-4E04-9B67-7C3A19FEA433}.Release|Any CPU.ActiveCfg = Release|Any CPU
		{9A4A2E3C-352C-4E04-9B67-7C3A19FEA433}.Release|Any CPU.Build.0 = Release|Any CPU
		{EAD0E7F9-40A6-44C0-9C4F-93505FB46A03}.Debug|Any CPU.ActiveCfg = Debug|Any CPU
		{EAD0E7F9-40A6-44C0-9C4F-93505FB46A03}.Debug|Any CPU.Build.0 = Debug|Any CPU
		{EAD0E7F9-40A6-44C0-9C4F-93505FB46A03}.Release|Any CPU.ActiveCfg = Release|Any CPU
		{EAD0E7F9-40A6-44C0-9C4F-93505FB46A03}.Release|Any CPU.Build.0 = Release|Any CPU
		{19B32ECD-5625-4226-BCB4-3F8CEA3AF595}.Debug|Any CPU.ActiveCfg = Debug|Any CPU
		{19B32ECD-5625-4226-BCB4-3F8CEA3AF595}.Debug|Any CPU.Build.0 = Debug|Any CPU
		{19B32ECD-5625-4226-BCB4-3F8CEA3AF595}.Release|Any CPU.ActiveCfg = Release|Any CPU
		{19B32ECD-5625-4226-BCB4-3F8CEA3AF595}.Release|Any CPU.Build.0 = Release|Any CPU
		{0778A801-CB6C-4D4A-8524-3B09C8C6E523}.Debug|Any CPU.ActiveCfg = Debug|Any CPU
		{0778A801-CB6C-4D4A-8524-3B09C8C6E523}.Debug|Any CPU.Build.0 = Debug|Any CPU
		{0778A801-CB6C-4D4A-8524-3B09C8C6E523}.Release|Any CPU.ActiveCfg = Release|Any CPU
		{0778A801-CB6C-4D4A-8524-3B09C8C6E523}.Release|Any CPU.Build.0 = Release|Any CPU
		{CE871764-E256-4BED-928D-30046C17D315}.Debug|Any CPU.ActiveCfg = Debug|Any CPU
		{CE871764-E256-4BED-928D-30046C17D315}.Debug|Any CPU.Build.0 = Debug|Any CPU
		{CE871764-E256-4BED-928D-30046C17D315}.Release|Any CPU.ActiveCfg = Release|Any CPU
		{CE871764-E256-4BED-928D-30046C17D315}.Release|Any CPU.Build.0 = Release|Any CPU
		{BA6F238F-A696-45D3-B501-6811861EA9DD}.Debug|Any CPU.ActiveCfg = Debug|Any CPU
		{BA6F238F-A696-45D3-B501-6811861EA9DD}.Debug|Any CPU.Build.0 = Debug|Any CPU
		{BA6F238F-A696-45D3-B501-6811861EA9DD}.Release|Any CPU.ActiveCfg = Release|Any CPU
		{BA6F238F-A696-45D3-B501-6811861EA9DD}.Release|Any CPU.Build.0 = Release|Any CPU
		{E6E394FA-1C4A-4449-BA9A-4C58368E1D2F}.Debug|Any CPU.ActiveCfg = Debug|Any CPU
		{E6E394FA-1C4A-4449-BA9A-4C58368E1D2F}.Debug|Any CPU.Build.0 = Debug|Any CPU
		{E6E394FA-1C4A-4449-BA9A-4C58368E1D2F}.Release|Any CPU.ActiveCfg = Release|Any CPU
		{E6E394FA-1C4A-4449-BA9A-4C58368E1D2F}.Release|Any CPU.Build.0 = Release|Any CPU
		{35674907-888E-45C5-B6AB-C02960E23E87}.Debug|Any CPU.ActiveCfg = Debug|Any CPU
		{35674907-888E-45C5-B6AB-C02960E23E87}.Debug|Any CPU.Build.0 = Debug|Any CPU
		{35674907-888E-45C5-B6AB-C02960E23E87}.Release|Any CPU.ActiveCfg = Release|Any CPU
		{35674907-888E-45C5-B6AB-C02960E23E87}.Release|Any CPU.Build.0 = Release|Any CPU
		{6AF4A12D-38E3-497E-8D10-5B1549A1F03D}.Debug|Any CPU.ActiveCfg = Debug|Any CPU
		{6AF4A12D-38E3-497E-8D10-5B1549A1F03D}.Debug|Any CPU.Build.0 = Debug|Any CPU
		{6AF4A12D-38E3-497E-8D10-5B1549A1F03D}.Release|Any CPU.ActiveCfg = Release|Any CPU
		{6AF4A12D-38E3-497E-8D10-5B1549A1F03D}.Release|Any CPU.Build.0 = Release|Any CPU
		{000C610A-9FF2-4618-AC37-353875851CEA}.Debug|Any CPU.ActiveCfg = Debug|Any CPU
		{000C610A-9FF2-4618-AC37-353875851CEA}.Debug|Any CPU.Build.0 = Debug|Any CPU
		{000C610A-9FF2-4618-AC37-353875851CEA}.Release|Any CPU.ActiveCfg = Release|Any CPU
		{000C610A-9FF2-4618-AC37-353875851CEA}.Release|Any CPU.Build.0 = Release|Any CPU
		{9C93B2E3-E00E-4C1E-8970-74F6E1F0E0CD}.Debug|Any CPU.ActiveCfg = Debug|Any CPU
		{9C93B2E3-E00E-4C1E-8970-74F6E1F0E0CD}.Debug|Any CPU.Build.0 = Debug|Any CPU
		{9C93B2E3-E00E-4C1E-8970-74F6E1F0E0CD}.Release|Any CPU.ActiveCfg = Release|Any CPU
		{9C93B2E3-E00E-4C1E-8970-74F6E1F0E0CD}.Release|Any CPU.Build.0 = Release|Any CPU
		{701A91AC-96E2-49C7-9077-133F429F52AB}.Debug|Any CPU.ActiveCfg = Debug|Any CPU
		{701A91AC-96E2-49C7-9077-133F429F52AB}.Debug|Any CPU.Build.0 = Debug|Any CPU
		{701A91AC-96E2-49C7-9077-133F429F52AB}.Release|Any CPU.ActiveCfg = Release|Any CPU
		{701A91AC-96E2-49C7-9077-133F429F52AB}.Release|Any CPU.Build.0 = Release|Any CPU
		{5B3DBA38-D192-4773-8156-E1A6D5D56429}.Debug|Any CPU.ActiveCfg = Debug|Any CPU
		{5B3DBA38-D192-4773-8156-E1A6D5D56429}.Debug|Any CPU.Build.0 = Debug|Any CPU
		{5B3DBA38-D192-4773-8156-E1A6D5D56429}.Release|Any CPU.ActiveCfg = Release|Any CPU
		{5B3DBA38-D192-4773-8156-E1A6D5D56429}.Release|Any CPU.Build.0 = Release|Any CPU
		{D19DF11F-83C0-41CE-BB49-0A7CEB00D103}.Debug|Any CPU.ActiveCfg = Debug|Any CPU
		{D19DF11F-83C0-41CE-BB49-0A7CEB00D103}.Debug|Any CPU.Build.0 = Debug|Any CPU
		{D19DF11F-83C0-41CE-BB49-0A7CEB00D103}.Release|Any CPU.ActiveCfg = Release|Any CPU
		{D19DF11F-83C0-41CE-BB49-0A7CEB00D103}.Release|Any CPU.Build.0 = Release|Any CPU
		{6ACFC82A-AEF6-45B2-946C-C60DDFFB8A84}.Debug|Any CPU.ActiveCfg = Debug|Any CPU
		{6ACFC82A-AEF6-45B2-946C-C60DDFFB8A84}.Debug|Any CPU.Build.0 = Debug|Any CPU
		{6ACFC82A-AEF6-45B2-946C-C60DDFFB8A84}.Release|Any CPU.ActiveCfg = Release|Any CPU
		{6ACFC82A-AEF6-45B2-946C-C60DDFFB8A84}.Release|Any CPU.Build.0 = Release|Any CPU
		{3FF89E96-D28C-4CC8-9FC9-81B67C8F0890}.Debug|Any CPU.ActiveCfg = Debug|Any CPU
		{3FF89E96-D28C-4CC8-9FC9-81B67C8F0890}.Debug|Any CPU.Build.0 = Debug|Any CPU
		{3FF89E96-D28C-4CC8-9FC9-81B67C8F0890}.Release|Any CPU.ActiveCfg = Release|Any CPU
		{3FF89E96-D28C-4CC8-9FC9-81B67C8F0890}.Release|Any CPU.Build.0 = Release|Any CPU
	EndGlobalSection
	GlobalSection(SolutionProperties) = preSolution
		HideSolutionNode = FALSE
	EndGlobalSection
	GlobalSection(NestedProjects) = preSolution
		{24D9B079-2DCD-4D19-9B37-CAF3177C2300} = {9444105D-2799-499A-8304-76B2BDF43ADB}
		{0558ACF8-3093-4D5E-9AB2-C18EF63880D1} = {24D9B079-2DCD-4D19-9B37-CAF3177C2300}
		{5796FC97-7F1C-4B0B-A0D8-D71F8625171E} = {4755B6A7-FB9E-4C44-B20B-03309E04A47B}
		{60C78D6E-0C23-4869-A4E5-4D5A20413804} = {4755B6A7-FB9E-4C44-B20B-03309E04A47B}
		{2AB64390-9197-47A5-B51D-EC9ECD87946F} = {4755B6A7-FB9E-4C44-B20B-03309E04A47B}
		{38F17954-CEC6-4EEF-977D-A2E96C0E15B2} = {60C78D6E-0C23-4869-A4E5-4D5A20413804}
		{642918E7-9407-44FE-B458-47FB8BCDFC6C} = {60C78D6E-0C23-4869-A4E5-4D5A20413804}
		{CAC09FD7-6C6E-4342-9079-3FF202F054B0} = {642918E7-9407-44FE-B458-47FB8BCDFC6C}
		{09E5F8F3-C91F-4401-BA94-B77E57C748DC} = {38F17954-CEC6-4EEF-977D-A2E96C0E15B2}
		{9B6AFDED-DC57-4C20-8568-9817EF45CEAE} = {09E5F8F3-C91F-4401-BA94-B77E57C748DC}
		{9A4A2E3C-352C-4E04-9B67-7C3A19FEA433} = {09E5F8F3-C91F-4401-BA94-B77E57C748DC}
		{EAD0E7F9-40A6-44C0-9C4F-93505FB46A03} = {CAC09FD7-6C6E-4342-9079-3FF202F054B0}
		{19B32ECD-5625-4226-BCB4-3F8CEA3AF595} = {CAC09FD7-6C6E-4342-9079-3FF202F054B0}
		{0778A801-CB6C-4D4A-8524-3B09C8C6E523} = {38F17954-CEC6-4EEF-977D-A2E96C0E15B2}
		{CE871764-E256-4BED-928D-30046C17D315} = {38F17954-CEC6-4EEF-977D-A2E96C0E15B2}
		{BA6F238F-A696-45D3-B501-6811861EA9DD} = {38F17954-CEC6-4EEF-977D-A2E96C0E15B2}
		{E6E394FA-1C4A-4449-BA9A-4C58368E1D2F} = {642918E7-9407-44FE-B458-47FB8BCDFC6C}
		{35674907-888E-45C5-B6AB-C02960E23E87} = {642918E7-9407-44FE-B458-47FB8BCDFC6C}
		{6AF4A12D-38E3-497E-8D10-5B1549A1F03D} = {642918E7-9407-44FE-B458-47FB8BCDFC6C}
		{BA8D7ACC-BCF6-4F19-8D73-1D1726ADA379} = {60C78D6E-0C23-4869-A4E5-4D5A20413804}
		{50CADA50-7BDB-4901-8901-DF0A70EE12B3} = {BA8D7ACC-BCF6-4F19-8D73-1D1726ADA379}
		{9C93B2E3-E00E-4C1E-8970-74F6E1F0E0CD} = {50CADA50-7BDB-4901-8901-DF0A70EE12B3}
		{701A91AC-96E2-49C7-9077-133F429F52AB} = {50CADA50-7BDB-4901-8901-DF0A70EE12B3}
		{5B3DBA38-D192-4773-8156-E1A6D5D56429} = {BA8D7ACC-BCF6-4F19-8D73-1D1726ADA379}
		{D19DF11F-83C0-41CE-BB49-0A7CEB00D103} = {BA8D7ACC-BCF6-4F19-8D73-1D1726ADA379}
		{6ACFC82A-AEF6-45B2-946C-C60DDFFB8A84} = {BA8D7ACC-BCF6-4F19-8D73-1D1726ADA379}
		{3FF89E96-D28C-4CC8-9FC9-81B67C8F0890} = {2AB64390-9197-47A5-B51D-EC9ECD87946F}
	EndGlobalSection
	GlobalSection(ExtensibilityGlobals) = postSolution
		SolutionGuid = {68AF35CB-5D9E-4060-B063-1C85A4AC9017}
	EndGlobalSection
EndGlobal
